{
  "version": 4,
  "terraform_version": "1.2.0",
  "serial": 70,
  "lineage": "480770e7-e195-8049-79fa-7af443f62435",
  "outputs": {
    "alb_arn": {
      "value": "arn:aws:elasticloadbalancing:us-east-1:010526272542:loadbalancer/app/chapi-ecs-test/0cd0c4ede43dc1f8",
      "type": "string"
    },
    "alb_dns_name": {
      "value": "chapi-ecs-test-1695034060.us-east-1.elb.amazonaws.com",
      "type": "string"
    },
    "alb_security_group_id": {
      "value": "sg-0585d50de40222a43",
      "type": "string"
    },
    "http_listener_arns": {
      "value": {
        "80": "arn:aws:elasticloadbalancing:us-east-1:010526272542:listener/app/chapi-ecs-test/0cd0c4ede43dc1f8/8f247840d5c5ea5a"
      },
      "type": [
        "object",
        {
          "80": "string"
        }
      ]
    },
    "https_listener_acm_cert_arns": {
      "value": {},
      "type": [
        "object",
        {}
      ]
    },
    "https_listener_non_acm_cert_arns": {
      "value": {},
      "type": [
        "object",
        {}
      ]
    }
  },
  "resources": [
    {
      "mode": "managed",
      "type": "aws_alb_listener_rule",
      "name": "path_based_example",
      "provider": "provider[\"registry.terraform.io/hashicorp/aws\"]",
      "instances": [
        {
          "index_key": 0,
          "schema_version": 0,
          "attributes": {
            "action": [
              {
                "authenticate_cognito": [],
                "authenticate_oidc": [],
                "fixed_response": [],
                "forward": [],
                "order": 1,
                "redirect": [],
                "target_group_arn": "arn:aws:elasticloadbalancing:us-east-1:010526272542:targetgroup/dev-chapi-ecs-service/4afea1150ea36032",
                "type": "forward"
              }
            ],
            "arn": "arn:aws:elasticloadbalancing:us-east-1:010526272542:listener-rule/app/chapi-ecs-test/0cd0c4ede43dc1f8/8f247840d5c5ea5a/f3a67ef8288ce940",
            "condition": [
              {
                "host_header": [],
                "http_header": [],
                "http_request_method": [],
                "path_pattern": [
                  {
                    "values": [
                      "/*"
                    ]
                  }
                ],
                "query_string": [],
                "source_ip": []
              }
            ],
            "id": "arn:aws:elasticloadbalancing:us-east-1:010526272542:listener-rule/app/chapi-ecs-test/0cd0c4ede43dc1f8/8f247840d5c5ea5a/f3a67ef8288ce940",
            "listener_arn": "arn:aws:elasticloadbalancing:us-east-1:010526272542:listener/app/chapi-ecs-test/0cd0c4ede43dc1f8/8f247840d5c5ea5a",
            "priority": 100,
            "tags": null,
            "tags_all": {
              "epi:team": "quality-engineering"
            }
          },
          "sensitive_attributes": [],
          "private": "bnVsbA==",
          "dependencies": [
            "aws_iam_role.ecs_execution_role",
            "aws_iam_role.ecs_task_role",
            "aws_security_group.ecs_task_security_group",
            "module.alb.aws_alb.alb",
            "module.alb.aws_alb_listener.http",
            "module.alb.aws_alb_listener.https_acm_certs",
            "module.alb.aws_alb_listener.https_non_acm_certs",
            "module.alb.aws_lb_listener_certificate.certs",
            "module.alb.aws_security_group.alb",
            "module.alb.aws_security_group_rule.allow_all_outbound",
            "module.alb.aws_security_group_rule.http_listeners",
            "module.alb.aws_security_group_rule.http_listeners_for_security_groups",
            "module.alb.aws_security_group_rule.https_listeners_acm_certs",
            "module.alb.aws_security_group_rule.https_listeners_acm_certs_for_security_groups",
            "module.alb.aws_security_group_rule.https_listeners_non_acm_certs",
            "module.alb.aws_security_group_rule.https_listeners_non_acm_certs_for_security_groups",
            "module.alb.data.aws_acm_certificate.additional_certs",
            "module.alb.data.aws_acm_certificate.certs",
            "module.alb.data.aws_subnet.this",
            "module.alb.null_resource.dependency_getter",
            "module.fargate_service.aws_lb_target_group.ecs_service",
            "module.fargate_service.null_resource.dependency_getter"
          ]
        }
      ]
    },
    {
      "mode": "managed",
      "type": "aws_appautoscaling_policy",
      "name": "scale_in",
      "provider": "provider[\"registry.terraform.io/hashicorp/aws\"]",
      "instances": [
        {
          "schema_version": 0,
          "attributes": {
            "alarm_arns": [],
            "arn": "arn:aws:autoscaling:us-east-1:010526272542:scalingPolicy:333021dc-47a9-490a-a0e4-bb783aacfe1a:resource/ecs/service/dev-chapi-ecs-cluster/dev-chapi-ecs-service:policyName/dev-chapi-ecs-service-scale-in",
            "id": "dev-chapi-ecs-service-scale-in",
            "name": "dev-chapi-ecs-service-scale-in",
            "policy_type": "StepScaling",
            "resource_id": "service/dev-chapi-ecs-cluster/dev-chapi-ecs-service",
            "scalable_dimension": "ecs:service:DesiredCount",
            "service_namespace": "ecs",
            "step_scaling_policy_configuration": [
              {
                "adjustment_type": "ChangeInCapacity",
                "cooldown": 60,
                "metric_aggregation_type": "Average",
                "min_adjustment_magnitude": 0,
                "step_adjustment": [
                  {
                    "metric_interval_lower_bound": "",
                    "metric_interval_upper_bound": "0",
                    "scaling_adjustment": -1
                  }
                ]
              }
            ],
            "target_tracking_scaling_policy_configuration": []
          },
          "sensitive_attributes": [],
          "private": "bnVsbA==",
          "dependencies": [
            "aws_iam_role.ecs_execution_role",
            "aws_iam_role.ecs_task_role",
            "aws_security_group.ecs_task_security_group",
            "module.alb.aws_alb.alb",
            "module.alb.aws_alb_listener.http",
            "module.alb.aws_alb_listener.https_acm_certs",
            "module.alb.aws_alb_listener.https_non_acm_certs",
            "module.alb.aws_lb_listener_certificate.certs",
            "module.alb.aws_security_group.alb",
            "module.alb.aws_security_group_rule.allow_all_outbound",
            "module.alb.aws_security_group_rule.http_listeners",
            "module.alb.aws_security_group_rule.http_listeners_for_security_groups",
            "module.alb.aws_security_group_rule.https_listeners_acm_certs",
            "module.alb.aws_security_group_rule.https_listeners_acm_certs_for_security_groups",
            "module.alb.aws_security_group_rule.https_listeners_non_acm_certs",
            "module.alb.aws_security_group_rule.https_listeners_non_acm_certs_for_security_groups",
            "module.alb.data.aws_acm_certificate.additional_certs",
            "module.alb.data.aws_acm_certificate.certs",
            "module.alb.data.aws_subnet.this",
            "module.alb.null_resource.dependency_getter",
            "module.fargate_service.aws_appautoscaling_target.appautoscaling_target",
            "module.fargate_service.aws_ecs_service.canary",
            "module.fargate_service.aws_ecs_service.service_with_auto_scaling",
            "module.fargate_service.aws_ecs_service.service_with_auto_scaling_and_code_deploy_blue_green",
            "module.fargate_service.aws_ecs_service.service_without_auto_scaling",
            "module.fargate_service.aws_ecs_service.service_without_auto_scaling_and_code_deploy_blue_green",
            "module.fargate_service.aws_ecs_task_definition.task",
            "module.fargate_service.aws_iam_role.ecs_service_role",
            "module.fargate_service.aws_iam_role.ecs_task",
            "module.fargate_service.aws_iam_role.ecs_task_execution_role",
            "module.fargate_service.aws_iam_role_policy.ecs_service_policy",
            "module.fargate_service.aws_lb_target_group.ecs_service",
            "module.fargate_service.aws_service_discovery_service.discovery",
            "module.fargate_service.data.aws_iam_role.ecs_task",
            "module.fargate_service.data.aws_iam_role.ecs_task_execution_role",
            "module.fargate_service.null_resource.dependency_getter",
            "module.fargate_service.null_resource.listener_rules"
          ]
        }
      ]
    },
    {
      "mode": "managed",
      "type": "aws_appautoscaling_policy",
      "name": "scale_out",
      "provider": "provider[\"registry.terraform.io/hashicorp/aws\"]",
      "instances": [
        {
          "schema_version": 0,
          "attributes": {
            "alarm_arns": [],
            "arn": "arn:aws:autoscaling:us-east-1:010526272542:scalingPolicy:333021dc-47a9-490a-a0e4-bb783aacfe1a:resource/ecs/service/dev-chapi-ecs-cluster/dev-chapi-ecs-service:policyName/dev-chapi-ecs-service-scale-out",
            "id": "dev-chapi-ecs-service-scale-out",
            "name": "dev-chapi-ecs-service-scale-out",
            "policy_type": "StepScaling",
            "resource_id": "service/dev-chapi-ecs-cluster/dev-chapi-ecs-service",
            "scalable_dimension": "ecs:service:DesiredCount",
            "service_namespace": "ecs",
            "step_scaling_policy_configuration": [
              {
                "adjustment_type": "ChangeInCapacity",
                "cooldown": 60,
                "metric_aggregation_type": "Average",
                "min_adjustment_magnitude": 0,
                "step_adjustment": [
                  {
                    "metric_interval_lower_bound": "0",
                    "metric_interval_upper_bound": "",
                    "scaling_adjustment": 1
                  }
                ]
              }
            ],
            "target_tracking_scaling_policy_configuration": []
          },
          "sensitive_attributes": [],
          "private": "bnVsbA==",
          "dependencies": [
            "aws_iam_role.ecs_execution_role",
            "aws_iam_role.ecs_task_role",
            "aws_security_group.ecs_task_security_group",
            "module.alb.aws_alb.alb",
            "module.alb.aws_alb_listener.http",
            "module.alb.aws_alb_listener.https_acm_certs",
            "module.alb.aws_alb_listener.https_non_acm_certs",
            "module.alb.aws_lb_listener_certificate.certs",
            "module.alb.aws_security_group.alb",
            "module.alb.aws_security_group_rule.allow_all_outbound",
            "module.alb.aws_security_group_rule.http_listeners",
            "module.alb.aws_security_group_rule.http_listeners_for_security_groups",
            "module.alb.aws_security_group_rule.https_listeners_acm_certs",
            "module.alb.aws_security_group_rule.https_listeners_acm_certs_for_security_groups",
            "module.alb.aws_security_group_rule.https_listeners_non_acm_certs",
            "module.alb.aws_security_group_rule.https_listeners_non_acm_certs_for_security_groups",
            "module.alb.data.aws_acm_certificate.additional_certs",
            "module.alb.data.aws_acm_certificate.certs",
            "module.alb.data.aws_subnet.this",
            "module.alb.null_resource.dependency_getter",
            "module.fargate_service.aws_appautoscaling_target.appautoscaling_target",
            "module.fargate_service.aws_ecs_service.canary",
            "module.fargate_service.aws_ecs_service.service_with_auto_scaling",
            "module.fargate_service.aws_ecs_service.service_with_auto_scaling_and_code_deploy_blue_green",
            "module.fargate_service.aws_ecs_service.service_without_auto_scaling",
            "module.fargate_service.aws_ecs_service.service_without_auto_scaling_and_code_deploy_blue_green",
            "module.fargate_service.aws_ecs_task_definition.task",
            "module.fargate_service.aws_iam_role.ecs_service_role",
            "module.fargate_service.aws_iam_role.ecs_task",
            "module.fargate_service.aws_iam_role.ecs_task_execution_role",
            "module.fargate_service.aws_iam_role_policy.ecs_service_policy",
            "module.fargate_service.aws_lb_target_group.ecs_service",
            "module.fargate_service.aws_service_discovery_service.discovery",
            "module.fargate_service.data.aws_iam_role.ecs_task",
            "module.fargate_service.data.aws_iam_role.ecs_task_execution_role",
            "module.fargate_service.null_resource.dependency_getter",
            "module.fargate_service.null_resource.listener_rules"
          ]
        }
      ]
    },
    {
      "mode": "managed",
      "type": "aws_cloudwatch_log_group",
      "name": "cloudwatch_log_group",
      "provider": "provider[\"registry.terraform.io/hashicorp/aws\"]",
      "instances": [
        {
          "schema_version": 0,
          "attributes": {
            "arn": "arn:aws:logs:us-east-1:010526272542:log-group:/ecs/aws/chapi-ecs-us-east-1-dev",
            "id": "/ecs/aws/chapi-ecs-us-east-1-dev",
            "kms_key_id": "",
            "log_group_class": "STANDARD",
            "name": "/ecs/aws/chapi-ecs-us-east-1-dev",
            "name_prefix": "",
            "retention_in_days": 0,
            "skip_destroy": false,
            "tags": null,
            "tags_all": {
              "epi:team": "quality-engineering"
            }
          },
          "sensitive_attributes": [],
          "private": "bnVsbA=="
        }
      ]
    },
    {
      "mode": "managed",
      "type": "aws_cloudwatch_metric_alarm",
      "name": "high_cpu_usage",
      "provider": "provider[\"registry.terraform.io/hashicorp/aws\"]",
      "instances": [
        {
          "schema_version": 1,
          "attributes": {
            "actions_enabled": true,
            "alarm_actions": [
              "arn:aws:autoscaling:us-east-1:010526272542:scalingPolicy:333021dc-47a9-490a-a0e4-bb783aacfe1a:resource/ecs/service/dev-chapi-ecs-cluster/dev-chapi-ecs-service:policyName/dev-chapi-ecs-service-scale-out"
            ],
            "alarm_description": "An alarm that triggers auto scaling if the CPU usage for service dev-chapi-ecs-service gets too high",
            "alarm_name": "dev-chapi-ecs-service-high-cpu-usage",
            "arn": "arn:aws:cloudwatch:us-east-1:010526272542:alarm:dev-chapi-ecs-service-high-cpu-usage",
            "comparison_operator": "GreaterThanOrEqualToThreshold",
            "datapoints_to_alarm": 0,
            "dimensions": {
              "ClusterName": "dev-chapi-ecs-cluster",
              "ServiceName": "dev-chapi-ecs-service"
            },
            "evaluate_low_sample_count_percentiles": "",
            "evaluation_periods": 1,
            "extended_statistic": "",
            "id": "dev-chapi-ecs-service-high-cpu-usage",
            "insufficient_data_actions": null,
            "metric_name": "CPUUtilization",
            "metric_query": [],
            "namespace": "AWS/ECS",
            "ok_actions": null,
            "period": 60,
            "statistic": "Average",
            "tags": null,
            "tags_all": {
              "epi:team": "quality-engineering"
            },
            "threshold": 90,
            "threshold_metric_id": "",
            "treat_missing_data": "missing",
            "unit": "Percent"
          },
          "sensitive_attributes": [],
          "private": "eyJzY2hlbWFfdmVyc2lvbiI6IjEifQ==",
          "dependencies": [
            "aws_appautoscaling_policy.scale_out",
            "aws_iam_role.ecs_execution_role",
            "aws_iam_role.ecs_task_role",
            "aws_security_group.ecs_task_security_group",
            "module.alb.aws_alb.alb",
            "module.alb.aws_alb_listener.http",
            "module.alb.aws_alb_listener.https_acm_certs",
            "module.alb.aws_alb_listener.https_non_acm_certs",
            "module.alb.aws_lb_listener_certificate.certs",
            "module.alb.aws_security_group.alb",
            "module.alb.aws_security_group_rule.allow_all_outbound",
            "module.alb.aws_security_group_rule.http_listeners",
            "module.alb.aws_security_group_rule.http_listeners_for_security_groups",
            "module.alb.aws_security_group_rule.https_listeners_acm_certs",
            "module.alb.aws_security_group_rule.https_listeners_acm_certs_for_security_groups",
            "module.alb.aws_security_group_rule.https_listeners_non_acm_certs",
            "module.alb.aws_security_group_rule.https_listeners_non_acm_certs_for_security_groups",
            "module.alb.data.aws_acm_certificate.additional_certs",
            "module.alb.data.aws_acm_certificate.certs",
            "module.alb.data.aws_subnet.this",
            "module.alb.null_resource.dependency_getter",
            "module.fargate_service.aws_appautoscaling_target.appautoscaling_target",
            "module.fargate_service.aws_ecs_service.canary",
            "module.fargate_service.aws_ecs_service.service_with_auto_scaling",
            "module.fargate_service.aws_ecs_service.service_with_auto_scaling_and_code_deploy_blue_green",
            "module.fargate_service.aws_ecs_service.service_without_auto_scaling",
            "module.fargate_service.aws_ecs_service.service_without_auto_scaling_and_code_deploy_blue_green",
            "module.fargate_service.aws_ecs_task_definition.task",
            "module.fargate_service.aws_iam_role.ecs_service_role",
            "module.fargate_service.aws_iam_role.ecs_task",
            "module.fargate_service.aws_iam_role.ecs_task_execution_role",
            "module.fargate_service.aws_iam_role_policy.ecs_service_policy",
            "module.fargate_service.aws_lb_target_group.ecs_service",
            "module.fargate_service.aws_service_discovery_service.discovery",
            "module.fargate_service.data.aws_iam_role.ecs_task",
            "module.fargate_service.data.aws_iam_role.ecs_task_execution_role",
            "module.fargate_service.null_resource.dependency_getter",
            "module.fargate_service.null_resource.listener_rules"
          ]
        }
      ]
    },
    {
      "mode": "managed",
      "type": "aws_cloudwatch_metric_alarm",
      "name": "low_cpu_usage",
      "provider": "provider[\"registry.terraform.io/hashicorp/aws\"]",
      "instances": [
        {
          "schema_version": 1,
          "attributes": {
            "actions_enabled": true,
            "alarm_actions": [
              "arn:aws:autoscaling:us-east-1:010526272542:scalingPolicy:333021dc-47a9-490a-a0e4-bb783aacfe1a:resource/ecs/service/dev-chapi-ecs-cluster/dev-chapi-ecs-service:policyName/dev-chapi-ecs-service-scale-in"
            ],
            "alarm_description": "An alarm that triggers auto scaling if the CPU usage for service dev-chapi-ecs-service gets too low",
            "alarm_name": "dev-chapi-ecs-service-low-cpu-usage",
            "arn": "arn:aws:cloudwatch:us-east-1:010526272542:alarm:dev-chapi-ecs-service-low-cpu-usage",
            "comparison_operator": "LessThanThreshold",
            "datapoints_to_alarm": 0,
            "dimensions": {
              "ClusterName": "dev-chapi-ecs-cluster",
              "ServiceName": "dev-chapi-ecs-service"
            },
            "evaluate_low_sample_count_percentiles": "",
            "evaluation_periods": 1,
            "extended_statistic": "",
            "id": "dev-chapi-ecs-service-low-cpu-usage",
            "insufficient_data_actions": null,
            "metric_name": "CPUUtilization",
            "metric_query": [],
            "namespace": "AWS/ECS",
            "ok_actions": null,
            "period": 60,
            "statistic": "Average",
            "tags": null,
            "tags_all": {
              "epi:team": "quality-engineering"
            },
            "threshold": 70,
            "threshold_metric_id": "",
            "treat_missing_data": "missing",
            "unit": "Percent"
          },
          "sensitive_attributes": [],
          "private": "eyJzY2hlbWFfdmVyc2lvbiI6IjEifQ==",
          "dependencies": [
            "aws_appautoscaling_policy.scale_in",
            "aws_iam_role.ecs_execution_role",
            "aws_iam_role.ecs_task_role",
            "aws_security_group.ecs_task_security_group",
            "module.alb.aws_alb.alb",
            "module.alb.aws_alb_listener.http",
            "module.alb.aws_alb_listener.https_acm_certs",
            "module.alb.aws_alb_listener.https_non_acm_certs",
            "module.alb.aws_lb_listener_certificate.certs",
            "module.alb.aws_security_group.alb",
            "module.alb.aws_security_group_rule.allow_all_outbound",
            "module.alb.aws_security_group_rule.http_listeners",
            "module.alb.aws_security_group_rule.http_listeners_for_security_groups",
            "module.alb.aws_security_group_rule.https_listeners_acm_certs",
            "module.alb.aws_security_group_rule.https_listeners_acm_certs_for_security_groups",
            "module.alb.aws_security_group_rule.https_listeners_non_acm_certs",
            "module.alb.aws_security_group_rule.https_listeners_non_acm_certs_for_security_groups",
            "module.alb.data.aws_acm_certificate.additional_certs",
            "module.alb.data.aws_acm_certificate.certs",
            "module.alb.data.aws_subnet.this",
            "module.alb.null_resource.dependency_getter",
            "module.fargate_service.aws_appautoscaling_target.appautoscaling_target",
            "module.fargate_service.aws_ecs_service.canary",
            "module.fargate_service.aws_ecs_service.service_with_auto_scaling",
            "module.fargate_service.aws_ecs_service.service_with_auto_scaling_and_code_deploy_blue_green",
            "module.fargate_service.aws_ecs_service.service_without_auto_scaling",
            "module.fargate_service.aws_ecs_service.service_without_auto_scaling_and_code_deploy_blue_green",
            "module.fargate_service.aws_ecs_task_definition.task",
            "module.fargate_service.aws_iam_role.ecs_service_role",
            "module.fargate_service.aws_iam_role.ecs_task",
            "module.fargate_service.aws_iam_role.ecs_task_execution_role",
            "module.fargate_service.aws_iam_role_policy.ecs_service_policy",
            "module.fargate_service.aws_lb_target_group.ecs_service",
            "module.fargate_service.aws_service_discovery_service.discovery",
            "module.fargate_service.data.aws_iam_role.ecs_task",
            "module.fargate_service.data.aws_iam_role.ecs_task_execution_role",
            "module.fargate_service.null_resource.dependency_getter",
            "module.fargate_service.null_resource.listener_rules"
          ]
        }
      ]
    },
    {
      "mode": "managed",
      "type": "aws_iam_role",
      "name": "ecs_execution_role",
      "provider": "provider[\"registry.terraform.io/hashicorp/aws\"]",
      "instances": [
        {
          "schema_version": 0,
          "attributes": {
            "arn": "arn:aws:iam::010526272542:role/chapi-ecs-role-us-east-1-dev",
            "assume_role_policy": "{\"Statement\":[{\"Action\":\"sts:AssumeRole\",\"Effect\":\"Allow\",\"Principal\":{\"Service\":\"ecs-tasks.amazonaws.com\"},\"Sid\":\"\"}],\"Version\":\"2012-10-17\"}",
            "create_date": "2024-09-30T13:25:56Z",
            "description": "",
            "force_detach_policies": false,
            "id": "chapi-ecs-role-us-east-1-dev",
            "inline_policy": [],
            "managed_policy_arns": [],
            "max_session_duration": 3600,
            "name": "chapi-ecs-role-us-east-1-dev",
            "name_prefix": "",
            "path": "/",
            "permissions_boundary": "",
            "tags": null,
            "tags_all": {
              "epi:team": "quality-engineering"
            },
            "unique_id": "AROAQE43KFQPFNWPGY5K4"
          },
          "sensitive_attributes": [],
          "private": "bnVsbA=="
        }
      ]
    },
    {
      "mode": "managed",
      "type": "aws_iam_role",
      "name": "ecs_task_role",
      "provider": "provider[\"registry.terraform.io/hashicorp/aws\"]",
      "instances": [
        {
          "index_key": 0,
          "schema_version": 0,
          "attributes": {
            "arn": "arn:aws:iam::010526272542:role/chapi-ecs-task-role-us-east-1-dev",
            "assume_role_policy": "{\"Statement\":[{\"Action\":\"sts:AssumeRole\",\"Effect\":\"Allow\",\"Principal\":{\"Service\":\"ecs-tasks.amazonaws.com\"}}],\"Version\":\"2012-10-17\"}",
            "create_date": "2024-09-30T13:25:56Z",
            "description": "",
            "force_detach_policies": false,
            "id": "chapi-ecs-task-role-us-east-1-dev",
            "inline_policy": [],
            "managed_policy_arns": [],
            "max_session_duration": 3600,
            "name": "chapi-ecs-task-role-us-east-1-dev",
            "name_prefix": "",
            "path": "/",
            "permissions_boundary": "",
            "tags": null,
            "tags_all": {
              "epi:team": "quality-engineering"
            },
            "unique_id": "AROAQE43KFQPDGQQPVKI6"
          },
          "sensitive_attributes": [],
          "private": "bnVsbA=="
        }
      ]
    },
    {
      "mode": "managed",
      "type": "aws_iam_role_policy",
      "name": "ecs_execution_policy",
      "provider": "provider[\"registry.terraform.io/hashicorp/aws\"]",
      "instances": [
        {
          "schema_version": 0,
          "attributes": {
            "id": "chapi-ecs-role-us-east-1-dev:chapi-ecs-policy-us-east-1-dev",
            "name": "chapi-ecs-policy-us-east-1-dev",
            "name_prefix": "",
            "policy": "{\"Version\":\"2012-10-17\",\"Statement\":[{\"Action\":[\"ecr:GetAuthorizationToken\",\"ecr:BatchCheckLayerAvailability\",\"ecr:GetDownloadUrlForLayer\",\"ecr:BatchGetImage\",\"logs:*\",\"ssm:GetParameters\",\"ssm:GetParameter\",\"secretsmanager:GetSecretValue\",\"cloudwatch:Get*\",\"cloudwatch:List*\",\"ec2:Describe*\",\"support:*\",\"tag:GetResources\",\"tag:GetTagKeys\",\"tag:GetTagValues\",\"ecs:ListClusters\",\"ecs:ListContainerInstances\",\"ecs:DescribeContainerInstances\"],\"Effect\":\"Allow\",\"Resource\":\"*\"},{\"Action\":[\"s3:GetObject\",\"s3:ListBucket\",\"s3:PutObject\",\"s3:GetBucketLocation\"],\"Effect\":\"Allow\",\"Resource\":[\"*\"]}]}",
            "role": "chapi-ecs-role-us-east-1-dev"
          },
          "sensitive_attributes": [],
          "private": "bnVsbA==",
          "dependencies": [
            "aws_iam_role.ecs_execution_role"
          ]
        }
      ]
    },
    {
      "mode": "managed",
      "type": "aws_iam_role_policy",
      "name": "ecs_task_policy",
      "provider": "provider[\"registry.terraform.io/hashicorp/aws\"]",
      "instances": [
        {
          "index_key": 0,
          "schema_version": 0,
          "attributes": {
            "id": "chapi-ecs-task-role-us-east-1-dev:chapi-ecs-task-policy-us-east-1-dev",
            "name": "chapi-ecs-task-policy-us-east-1-dev",
            "name_prefix": "",
            "policy": "{\"Version\":\"2012-10-17\",\"Statement\":[{\"Action\":[\"ssm:Describe*\",\"ssm:List*\",\"ssm:Get*\",\"s3:List*\",\"s3:Get*\",\"s3:Describe*\",\"cloudwatch:Get*\",\"cloudwatch:List*\"],\"Effect\":\"Allow\",\"Resource\":[\"*\"]},{\"Action\":[\"s3:PutObject\",\"s3:ListBucket\",\"s3:GetObject\",\"s3:GetBucketLocation\",\"s3:DeleteObject\"],\"Effect\":\"Allow\",\"Resource\":[\"arn:aws:s3:::optum-analyst-medicare-backend-us-west-2-dev/*\"]}]}",
            "role": "chapi-ecs-task-role-us-east-1-dev"
          },
          "sensitive_attributes": [],
          "private": "bnVsbA==",
          "dependencies": [
            "aws_iam_role.ecs_task_role"
          ]
        }
      ]
    },
    {
      "mode": "managed",
      "type": "aws_security_group",
      "name": "ecs_task_security_group",
      "provider": "provider[\"registry.terraform.io/hashicorp/aws\"]",
      "instances": [
        {
          "schema_version": 1,
          "attributes": {
            "arn": "arn:aws:ec2:us-east-1:010526272542:security-group/sg-064586ab836717bdc",
            "description": "Managed by Terraform",
            "egress": [],
            "id": "sg-064586ab836717bdc",
            "ingress": [],
            "name": "chapi-ecs-sg-us-east-1-dev",
            "name_prefix": "",
            "owner_id": "010526272542",
            "revoke_rules_on_delete": false,
            "tags": null,
            "tags_all": {
              "epi:team": "quality-engineering"
            },
            "timeouts": null,
            "vpc_id": "vpc-06a51eb1b61b77c3f"
          },
          "sensitive_attributes": [],
          "private": "eyJlMmJmYjczMC1lY2FhLTExZTYtOGY4OC0zNDM2M2JjN2M0YzAiOnsiY3JlYXRlIjo2MDAwMDAwMDAwMDAsImRlbGV0ZSI6OTAwMDAwMDAwMDAwfSwic2NoZW1hX3ZlcnNpb24iOiIxIn0="
        }
      ]
    },
    {
      "mode": "managed",
      "type": "aws_security_group_rule",
      "name": "allow_inbound_on_container_port",
      "provider": "provider[\"registry.terraform.io/hashicorp/aws\"]",
      "instances": [
        {
          "schema_version": 2,
          "attributes": {
            "cidr_blocks": null,
            "description": null,
            "from_port": 80,
            "id": "sgrule-2984307424",
            "ipv6_cidr_blocks": null,
            "prefix_list_ids": null,
            "protocol": "tcp",
            "security_group_id": "sg-064586ab836717bdc",
            "security_group_rule_id": "sgr-03c07b652cef30570",
            "self": false,
            "source_security_group_id": "sg-0585d50de40222a43",
            "timeouts": null,
            "to_port": 80,
            "type": "ingress"
          },
          "sensitive_attributes": [],
          "private": "eyJlMmJmYjczMC1lY2FhLTExZTYtOGY4OC0zNDM2M2JjN2M0YzAiOnsiY3JlYXRlIjozMDAwMDAwMDAwMDB9LCJzY2hlbWFfdmVyc2lvbiI6IjIifQ==",
          "dependencies": [
            "aws_security_group.ecs_task_security_group",
            "module.alb.aws_security_group.alb",
            "module.alb.data.aws_subnet.this",
            "module.alb.null_resource.dependency_getter"
          ]
        }
      ]
    },
    {
      "mode": "managed",
      "type": "aws_security_group_rule",
      "name": "allow_outbound_all",
      "provider": "provider[\"registry.terraform.io/hashicorp/aws\"]",
      "instances": [
        {
          "schema_version": 2,
          "attributes": {
            "cidr_blocks": [
              "0.0.0.0/0"
            ],
            "description": null,
            "from_port": 0,
            "id": "sgrule-919698243",
            "ipv6_cidr_blocks": null,
            "prefix_list_ids": null,
            "protocol": "-1",
            "security_group_id": "sg-064586ab836717bdc",
            "security_group_rule_id": "sgr-0e80468fb2b7917f4",
            "self": false,
            "source_security_group_id": null,
            "timeouts": null,
            "to_port": 0,
            "type": "egress"
          },
          "sensitive_attributes": [],
          "private": "eyJlMmJmYjczMC1lY2FhLTExZTYtOGY4OC0zNDM2M2JjN2M0YzAiOnsiY3JlYXRlIjozMDAwMDAwMDAwMDB9LCJzY2hlbWFfdmVyc2lvbiI6IjIifQ==",
          "dependencies": [
            "aws_security_group.ecs_task_security_group"
          ]
        }
      ]
    },
    {
      "module": "module.alb",
      "mode": "data",
      "type": "aws_subnet",
      "name": "this",
      "provider": "provider[\"registry.terraform.io/hashicorp/aws\"]",
      "instances": [
        {
          "schema_version": 0,
          "attributes": {
            "arn": "arn:aws:ec2:us-east-1:010526272542:subnet/subnet-0300b030453b1b9f9",
            "assign_ipv6_address_on_creation": false,
            "availability_zone": "us-east-1a",
            "availability_zone_id": "use1-az6",
            "available_ip_address_count": 1019,
            "cidr_block": "172.31.96.0/22",
            "customer_owned_ipv4_pool": "",
            "default_for_az": false,
            "enable_dns64": false,
            "enable_lni_at_device_index": 0,
            "enable_resource_name_dns_a_record_on_launch": false,
            "enable_resource_name_dns_aaaa_record_on_launch": false,
            "filter": null,
            "id": "subnet-0300b030453b1b9f9",
            "ipv6_cidr_block": "",
            "ipv6_cidr_block_association_id": "",
            "ipv6_native": false,
            "map_customer_owned_ip_on_launch": false,
            "map_public_ip_on_launch": true,
            "outpost_arn": "",
            "owner_id": "010526272542",
            "private_dns_hostname_type_on_launch": "ip-name",
            "state": "available",
            "tags": {
              "Name": "chapi-dev-public-subnet-1",
              "epi:team": "quality-engineering"
            },
            "timeouts": null,
            "vpc_id": "vpc-06a51eb1b61b77c3f"
          },
          "sensitive_attributes": []
        }
      ]
    },
    {
      "module": "module.alb",
      "mode": "managed",
      "type": "aws_alb",
      "name": "alb",
      "provider": "provider[\"registry.terraform.io/hashicorp/aws\"]",
      "instances": [
        {
          "schema_version": 0,
          "attributes": {
            "access_logs": [
              {
                "bucket": "dev-chapi-alb-logs",
                "enabled": true,
                "prefix": "chapi-ecs-test"
              }
            ],
            "arn": "arn:aws:elasticloadbalancing:us-east-1:010526272542:loadbalancer/app/chapi-ecs-test/0cd0c4ede43dc1f8",
            "arn_suffix": "app/chapi-ecs-test/0cd0c4ede43dc1f8",
            "client_keep_alive": 3600,
            "connection_logs": [
              {
                "bucket": "",
                "enabled": false,
                "prefix": ""
              }
            ],
            "customer_owned_ipv4_pool": "",
            "desync_mitigation_mode": "defensive",
            "dns_name": "chapi-ecs-test-1695034060.us-east-1.elb.amazonaws.com",
            "dns_record_client_routing_policy": null,
            "drop_invalid_header_fields": false,
            "enable_cross_zone_load_balancing": true,
            "enable_deletion_protection": false,
            "enable_http2": true,
            "enable_tls_version_and_cipher_suite_headers": false,
            "enable_waf_fail_open": false,
            "enable_xff_client_port": true,
            "enforce_security_group_inbound_rules_on_private_link_traffic": "",
            "id": "arn:aws:elasticloadbalancing:us-east-1:010526272542:loadbalancer/app/chapi-ecs-test/0cd0c4ede43dc1f8",
            "idle_timeout": 60,
            "internal": false,
            "ip_address_type": "ipv4",
            "load_balancer_type": "application",
            "name": "chapi-ecs-test",
            "name_prefix": "",
            "preserve_host_header": false,
            "security_groups": [
              "sg-0585d50de40222a43"
            ],
            "subnet_mapping": [
              {
                "allocation_id": "",
                "ipv6_address": "",
                "outpost_id": "",
                "private_ipv4_address": "",
                "subnet_id": "subnet-0300b030453b1b9f9"
              },
              {
                "allocation_id": "",
                "ipv6_address": "",
                "outpost_id": "",
                "private_ipv4_address": "",
                "subnet_id": "subnet-05104820e71ece7a7"
              }
            ],
            "subnets": [
              "subnet-0300b030453b1b9f9",
              "subnet-05104820e71ece7a7"
            ],
            "tags": null,
            "tags_all": {
              "epi:team": "quality-engineering"
            },
            "timeouts": null,
            "vpc_id": "vpc-06a51eb1b61b77c3f",
            "xff_header_processing_mode": "append",
            "zone_id": "Z35SXDOTRQ7X7K"
          },
          "sensitive_attributes": [],
          "private": "eyJlMmJmYjczMC1lY2FhLTExZTYtOGY4OC0zNDM2M2JjN2M0YzAiOnsiY3JlYXRlIjo2MDAwMDAwMDAwMDAsImRlbGV0ZSI6NjAwMDAwMDAwMDAwLCJ1cGRhdGUiOjYwMDAwMDAwMDAwMH19",
          "dependencies": [
            "module.alb.aws_security_group.alb",
            "module.alb.data.aws_subnet.this",
            "module.alb.null_resource.dependency_getter"
          ]
        }
      ]
    },
    {
      "module": "module.alb",
      "mode": "managed",
      "type": "aws_alb_listener",
      "name": "http",
      "provider": "provider[\"registry.terraform.io/hashicorp/aws\"]",
      "instances": [
        {
          "index_key": 0,
          "schema_version": 0,
          "attributes": {
            "alpn_policy": null,
            "arn": "arn:aws:elasticloadbalancing:us-east-1:010526272542:listener/app/chapi-ecs-test/0cd0c4ede43dc1f8/8f247840d5c5ea5a",
            "certificate_arn": null,
            "default_action": [
              {
                "authenticate_cognito": [],
                "authenticate_oidc": [],
                "fixed_response": [
                  {
                    "content_type": "text/plain",
                    "message_body": "",
                    "status_code": "404"
                  }
                ],
                "forward": [],
                "order": 1,
                "redirect": [],
                "target_group_arn": "",
                "type": "fixed-response"
              }
            ],
            "id": "arn:aws:elasticloadbalancing:us-east-1:010526272542:listener/app/chapi-ecs-test/0cd0c4ede43dc1f8/8f247840d5c5ea5a",
            "load_balancer_arn": "arn:aws:elasticloadbalancing:us-east-1:010526272542:loadbalancer/app/chapi-ecs-test/0cd0c4ede43dc1f8",
            "mutual_authentication": [],
            "port": 80,
            "protocol": "HTTP",
            "ssl_policy": "",
            "tags": null,
            "tags_all": {
              "epi:team": "quality-engineering"
            },
            "timeouts": null
          },
          "sensitive_attributes": [],
          "private": "eyJlMmJmYjczMC1lY2FhLTExZTYtOGY4OC0zNDM2M2JjN2M0YzAiOnsiY3JlYXRlIjozMDAwMDAwMDAwMDAsInVwZGF0ZSI6MzAwMDAwMDAwMDAwfX0=",
          "dependencies": [
            "module.alb.aws_alb.alb",
            "module.alb.aws_security_group.alb",
            "module.alb.data.aws_subnet.this",
            "module.alb.null_resource.dependency_getter"
          ]
        }
      ]
    },
    {
      "module": "module.alb",
      "mode": "managed",
      "type": "aws_security_group",
      "name": "alb",
      "provider": "provider[\"registry.terraform.io/hashicorp/aws\"]",
      "instances": [
        {
          "schema_version": 1,
          "attributes": {
            "arn": "arn:aws:ec2:us-east-1:010526272542:security-group/sg-0585d50de40222a43",
            "description": "For the chapi-ecs-test-alb ALB.",
            "egress": [],
            "id": "sg-0585d50de40222a43",
            "ingress": [],
            "name": "chapi-ecs-test-alb",
            "name_prefix": "",
            "owner_id": "010526272542",
            "revoke_rules_on_delete": false,
            "tags": null,
            "tags_all": {
              "epi:team": "quality-engineering"
            },
            "timeouts": null,
            "vpc_id": "vpc-06a51eb1b61b77c3f"
          },
          "sensitive_attributes": [],
          "private": "eyJlMmJmYjczMC1lY2FhLTExZTYtOGY4OC0zNDM2M2JjN2M0YzAiOnsiY3JlYXRlIjo2MDAwMDAwMDAwMDAsImRlbGV0ZSI6OTAwMDAwMDAwMDAwfSwic2NoZW1hX3ZlcnNpb24iOiIxIn0=",
          "dependencies": [
            "module.alb.data.aws_subnet.this",
            "module.alb.null_resource.dependency_getter"
          ]
        }
      ]
    },
    {
      "module": "module.alb",
      "mode": "managed",
      "type": "aws_security_group_rule",
      "name": "allow_all_outbound",
      "provider": "provider[\"registry.terraform.io/hashicorp/aws\"]",
      "instances": [
        {
          "index_key": 0,
          "schema_version": 2,
          "attributes": {
            "cidr_blocks": [
              "0.0.0.0/0"
            ],
            "description": null,
            "from_port": 0,
            "id": "sgrule-3895766722",
            "ipv6_cidr_blocks": null,
            "prefix_list_ids": null,
            "protocol": "-1",
            "security_group_id": "sg-0585d50de40222a43",
            "security_group_rule_id": "sgr-0697cfd40b926fcb6",
            "self": false,
            "source_security_group_id": null,
            "timeouts": null,
            "to_port": 0,
            "type": "egress"
          },
          "sensitive_attributes": [],
          "private": "eyJlMmJmYjczMC1lY2FhLTExZTYtOGY4OC0zNDM2M2JjN2M0YzAiOnsiY3JlYXRlIjozMDAwMDAwMDAwMDB9LCJzY2hlbWFfdmVyc2lvbiI6IjIifQ==",
          "dependencies": [
            "module.alb.aws_security_group.alb",
            "module.alb.data.aws_subnet.this",
            "module.alb.null_resource.dependency_getter"
          ]
        }
      ]
    },
    {
      "module": "module.alb",
      "mode": "managed",
      "type": "aws_security_group_rule",
      "name": "http_listeners",
      "provider": "provider[\"registry.terraform.io/hashicorp/aws\"]",
      "instances": [
        {
          "index_key": 0,
          "schema_version": 2,
          "attributes": {
            "cidr_blocks": [
              "0.0.0.0/0"
            ],
            "description": null,
            "from_port": 80,
            "id": "sgrule-1402693095",
            "ipv6_cidr_blocks": null,
            "prefix_list_ids": null,
            "protocol": "tcp",
            "security_group_id": "sg-0585d50de40222a43",
            "security_group_rule_id": "sgr-0d0b4b3119713374b",
            "self": false,
            "source_security_group_id": null,
            "timeouts": null,
            "to_port": 80,
            "type": "ingress"
          },
          "sensitive_attributes": [],
          "private": "eyJlMmJmYjczMC1lY2FhLTExZTYtOGY4OC0zNDM2M2JjN2M0YzAiOnsiY3JlYXRlIjozMDAwMDAwMDAwMDB9LCJzY2hlbWFfdmVyc2lvbiI6IjIifQ==",
          "dependencies": [
            "module.alb.aws_security_group.alb",
            "module.alb.data.aws_subnet.this",
            "module.alb.null_resource.dependency_getter"
          ]
        }
      ]
    },
    {
      "module": "module.alb",
      "mode": "managed",
      "type": "null_resource",
      "name": "dependency_getter",
      "provider": "provider[\"registry.terraform.io/hashicorp/null\"]",
      "instances": [
        {
          "schema_version": 0,
          "attributes": {
            "id": "411802697368926971",
            "triggers": {
              "instance": ""
            }
          },
          "sensitive_attributes": []
        }
      ]
    },
    {
      "module": "module.fargate_service",
      "mode": "data",
      "type": "aws_iam_policy_document",
      "name": "ecs_service_policy",
      "provider": "provider[\"registry.terraform.io/hashicorp/aws\"]",
      "instances": [
        {
          "schema_version": 0,
          "attributes": {
            "id": "2451538495",
            "json": "{\n  \"Version\": \"2012-10-17\",\n  \"Statement\": [\n    {\n      \"Effect\": \"Allow\",\n      \"Action\": [\n        \"elasticloadbalancing:RegisterTargets\",\n        \"elasticloadbalancing:RegisterInstancesWithLoadBalancer\",\n        \"elasticloadbalancing:Describe*\",\n        \"elasticloadbalancing:DeregisterTargets\",\n        \"elasticloadbalancing:DeregisterInstancesFromLoadBalancer\",\n        \"ec2:Describe*\",\n        \"ec2:AuthorizeSecurityGroupIngress\"\n      ],\n      \"Resource\": \"*\"\n    }\n  ]\n}",
            "minified_json": "{\"Version\":\"2012-10-17\",\"Statement\":[{\"Effect\":\"Allow\",\"Action\":[\"elasticloadbalancing:RegisterTargets\",\"elasticloadbalancing:RegisterInstancesWithLoadBalancer\",\"elasticloadbalancing:Describe*\",\"elasticloadbalancing:DeregisterTargets\",\"elasticloadbalancing:DeregisterInstancesFromLoadBalancer\",\"ec2:Describe*\",\"ec2:AuthorizeSecurityGroupIngress\"],\"Resource\":\"*\"}]}",
            "override_json": null,
            "override_policy_documents": null,
            "policy_id": null,
            "source_json": null,
            "source_policy_documents": null,
            "statement": [
              {
                "actions": [
                  "ec2:AuthorizeSecurityGroupIngress",
                  "ec2:Describe*",
                  "elasticloadbalancing:DeregisterInstancesFromLoadBalancer",
                  "elasticloadbalancing:DeregisterTargets",
                  "elasticloadbalancing:Describe*",
                  "elasticloadbalancing:RegisterInstancesWithLoadBalancer",
                  "elasticloadbalancing:RegisterTargets"
                ],
                "condition": [],
                "effect": "Allow",
                "not_actions": [],
                "not_principals": [],
                "not_resources": [],
                "principals": [],
                "resources": [
                  "*"
                ],
                "sid": ""
              }
            ],
            "version": "2012-10-17"
          },
          "sensitive_attributes": []
        }
      ]
    },
    {
      "module": "module.fargate_service",
      "mode": "data",
      "type": "aws_iam_policy_document",
      "name": "ecs_service_role",
      "provider": "provider[\"registry.terraform.io/hashicorp/aws\"]",
      "instances": [
        {
          "schema_version": 0,
          "attributes": {
            "id": "258469924",
            "json": "{\n  \"Version\": \"2012-10-17\",\n  \"Statement\": [\n    {\n      \"Effect\": \"Allow\",\n      \"Action\": \"sts:AssumeRole\",\n      \"Principal\": {\n        \"Service\": \"ecs.amazonaws.com\"\n      }\n    }\n  ]\n}",
            "minified_json": "{\"Version\":\"2012-10-17\",\"Statement\":[{\"Effect\":\"Allow\",\"Action\":\"sts:AssumeRole\",\"Principal\":{\"Service\":\"ecs.amazonaws.com\"}}]}",
            "override_json": null,
            "override_policy_documents": null,
            "policy_id": null,
            "source_json": null,
            "source_policy_documents": null,
            "statement": [
              {
                "actions": [
                  "sts:AssumeRole"
                ],
                "condition": [],
                "effect": "Allow",
                "not_actions": [],
                "not_principals": [],
                "not_resources": [],
                "principals": [
                  {
                    "identifiers": [
                      "ecs.amazonaws.com"
                    ],
                    "type": "Service"
                  }
                ],
                "resources": [],
                "sid": ""
              }
            ],
            "version": "2012-10-17"
          },
          "sensitive_attributes": []
        }
      ]
    },
    {
      "module": "module.fargate_service",
      "mode": "data",
      "type": "aws_iam_policy_document",
      "name": "ecs_task",
      "provider": "provider[\"registry.terraform.io/hashicorp/aws\"]",
      "instances": [
        {
          "schema_version": 0,
          "attributes": {
            "id": "1077804475",
            "json": "{\n  \"Version\": \"2012-10-17\",\n  \"Statement\": [\n    {\n      \"Effect\": \"Allow\",\n      \"Action\": \"sts:AssumeRole\",\n      \"Principal\": {\n        \"Service\": \"ecs-tasks.amazonaws.com\"\n      }\n    }\n  ]\n}",
            "minified_json": "{\"Version\":\"2012-10-17\",\"Statement\":[{\"Effect\":\"Allow\",\"Action\":\"sts:AssumeRole\",\"Principal\":{\"Service\":\"ecs-tasks.amazonaws.com\"}}]}",
            "override_json": null,
            "override_policy_documents": null,
            "policy_id": null,
            "source_json": null,
            "source_policy_documents": null,
            "statement": [
              {
                "actions": [
                  "sts:AssumeRole"
                ],
                "condition": [],
                "effect": "Allow",
                "not_actions": [],
                "not_principals": [],
                "not_resources": [],
                "principals": [
                  {
                    "identifiers": [
                      "ecs-tasks.amazonaws.com"
                    ],
                    "type": "Service"
                  }
                ],
                "resources": [],
                "sid": ""
              }
            ],
            "version": "2012-10-17"
          },
          "sensitive_attributes": []
        }
      ]
    },
    {
      "module": "module.fargate_service",
      "mode": "data",
      "type": "aws_iam_role",
      "name": "ecs_task",
      "provider": "provider[\"registry.terraform.io/hashicorp/aws\"]",
      "instances": [
        {
          "index_key": 0,
          "schema_version": 0,
          "attributes": {
            "arn": "arn:aws:iam::010526272542:role/chapi-ecs-task-role-us-east-1-dev",
            "assume_role_policy": "{\"Version\":\"2012-10-17\",\"Statement\":[{\"Effect\":\"Allow\",\"Principal\":{\"Service\":\"ecs-tasks.amazonaws.com\"},\"Action\":\"sts:AssumeRole\"}]}",
            "create_date": "2024-09-30T13:25:56Z",
            "description": "",
            "id": "chapi-ecs-task-role-us-east-1-dev",
            "max_session_duration": 3600,
            "name": "chapi-ecs-task-role-us-east-1-dev",
            "path": "/",
            "permissions_boundary": "",
            "role_last_used": [
              {
                "last_used_date": "",
                "region": ""
              }
            ],
            "tags": {
              "epi:team": "quality-engineering"
            },
            "unique_id": "AROAQE43KFQPDGQQPVKI6"
          },
          "sensitive_attributes": []
        }
      ]
    },
    {
      "module": "module.fargate_service",
      "mode": "data",
      "type": "aws_iam_role",
      "name": "ecs_task_execution_role",
      "provider": "provider[\"registry.terraform.io/hashicorp/aws\"]",
      "instances": [
        {
          "index_key": 0,
          "schema_version": 0,
          "attributes": {
            "arn": "arn:aws:iam::010526272542:role/chapi-ecs-role-us-east-1-dev",
            "assume_role_policy": "{\"Version\":\"2012-10-17\",\"Statement\":[{\"Sid\":\"\",\"Effect\":\"Allow\",\"Principal\":{\"Service\":\"ecs-tasks.amazonaws.com\"},\"Action\":\"sts:AssumeRole\"}]}",
            "create_date": "2024-09-30T13:25:56Z",
            "description": "",
            "id": "chapi-ecs-role-us-east-1-dev",
            "max_session_duration": 3600,
            "name": "chapi-ecs-role-us-east-1-dev",
            "path": "/",
            "permissions_boundary": "",
            "role_last_used": [
              {
                "last_used_date": "",
                "region": ""
              }
            ],
            "tags": {
              "epi:team": "quality-engineering"
            },
            "unique_id": "AROAQE43KFQPFNWPGY5K4"
          },
          "sensitive_attributes": []
        }
      ]
    },
    {
      "module": "module.fargate_service",
      "mode": "managed",
      "type": "aws_appautoscaling_target",
      "name": "appautoscaling_target",
      "provider": "provider[\"registry.terraform.io/hashicorp/aws\"]",
      "instances": [
        {
          "index_key": 0,
          "schema_version": 0,
          "attributes": {
            "arn": "arn:aws:application-autoscaling:us-east-1:010526272542:scalable-target/0ec5333021dc47a9490aa0e4bb783aacfe1a",
            "id": "service/dev-chapi-ecs-cluster/dev-chapi-ecs-service",
            "max_capacity": 2,
            "min_capacity": 1,
            "resource_id": "service/dev-chapi-ecs-cluster/dev-chapi-ecs-service",
            "role_arn": "arn:aws:iam::010526272542:role/aws-service-role/ecs.application-autoscaling.amazonaws.com/AWSServiceRoleForApplicationAutoScaling_ECSService",
            "scalable_dimension": "ecs:service:DesiredCount",
            "service_namespace": "ecs",
            "suspended_state": [
              {
                "dynamic_scaling_in_suspended": false,
                "dynamic_scaling_out_suspended": false,
                "scheduled_scaling_suspended": false
              }
            ],
            "tags": null,
            "tags_all": {
              "epi:team": "quality-engineering"
            }
          },
          "sensitive_attributes": [],
          "private": "bnVsbA==",
          "dependencies": [
            "aws_iam_role.ecs_execution_role",
            "aws_iam_role.ecs_task_role",
            "aws_security_group.ecs_task_security_group",
            "module.alb.aws_alb.alb",
            "module.alb.aws_alb_listener.http",
            "module.alb.aws_alb_listener.https_acm_certs",
            "module.alb.aws_alb_listener.https_non_acm_certs",
            "module.alb.aws_lb_listener_certificate.certs",
            "module.alb.aws_security_group.alb",
            "module.alb.aws_security_group_rule.allow_all_outbound",
            "module.alb.aws_security_group_rule.http_listeners",
            "module.alb.aws_security_group_rule.http_listeners_for_security_groups",
            "module.alb.aws_security_group_rule.https_listeners_acm_certs",
            "module.alb.aws_security_group_rule.https_listeners_acm_certs_for_security_groups",
            "module.alb.aws_security_group_rule.https_listeners_non_acm_certs",
            "module.alb.aws_security_group_rule.https_listeners_non_acm_certs_for_security_groups",
            "module.alb.data.aws_acm_certificate.additional_certs",
            "module.alb.data.aws_acm_certificate.certs",
            "module.alb.data.aws_subnet.this",
            "module.alb.null_resource.dependency_getter",
            "module.fargate_service.aws_ecs_service.canary",
            "module.fargate_service.aws_ecs_service.service_with_auto_scaling",
            "module.fargate_service.aws_ecs_service.service_with_auto_scaling_and_code_deploy_blue_green",
            "module.fargate_service.aws_ecs_service.service_without_auto_scaling",
            "module.fargate_service.aws_ecs_service.service_without_auto_scaling_and_code_deploy_blue_green",
            "module.fargate_service.aws_ecs_task_definition.task",
            "module.fargate_service.aws_iam_role.ecs_service_role",
            "module.fargate_service.aws_iam_role.ecs_task",
            "module.fargate_service.aws_iam_role.ecs_task_execution_role",
            "module.fargate_service.aws_iam_role_policy.ecs_service_policy",
            "module.fargate_service.aws_lb_target_group.ecs_service",
            "module.fargate_service.aws_service_discovery_service.discovery",
            "module.fargate_service.data.aws_iam_role.ecs_task",
            "module.fargate_service.data.aws_iam_role.ecs_task_execution_role",
            "module.fargate_service.null_resource.dependency_getter",
            "module.fargate_service.null_resource.listener_rules"
          ]
        }
      ]
    },
    {
      "module": "module.fargate_service",
      "mode": "managed",
      "type": "aws_ecs_service",
      "name": "service_with_auto_scaling",
      "provider": "provider[\"registry.terraform.io/hashicorp/aws\"]",
      "instances": [
        {
          "index_key": 0,
          "schema_version": 1,
          "attributes": {
            "alarms": [],
            "capacity_provider_strategy": [],
            "cluster": "arn:aws:ecs:us-east-1:010526272542:cluster/dev-chapi-ecs-cluster",
            "deployment_circuit_breaker": [
              {
                "enable": true,
                "rollback": true
              }
            ],
            "deployment_controller": [
              {
                "type": "ECS"
              }
            ],
            "deployment_maximum_percent": 200,
            "deployment_minimum_healthy_percent": 100,
            "desired_count": 1,
            "enable_ecs_managed_tags": false,
            "enable_execute_command": false,
            "force_delete": null,
            "force_new_deployment": null,
            "health_check_grace_period_seconds": 30,
            "iam_role": "/aws-service-role/ecs.amazonaws.com/AWSServiceRoleForECS",
            "id": "arn:aws:ecs:us-east-1:010526272542:service/dev-chapi-ecs-cluster/dev-chapi-ecs-service",
            "launch_type": "FARGATE",
            "load_balancer": [
              {
                "container_name": "dev-chapi-ecs-service",
                "container_port": 80,
                "elb_name": "",
                "target_group_arn": "arn:aws:elasticloadbalancing:us-east-1:010526272542:targetgroup/dev-chapi-ecs-service/4afea1150ea36032"
              }
            ],
            "name": "dev-chapi-ecs-service",
            "network_configuration": [
              {
                "assign_public_ip": true,
                "security_groups": [
                  "sg-064586ab836717bdc"
                ],
                "subnets": [
                  "subnet-0300b030453b1b9f9",
                  "subnet-05104820e71ece7a7"
                ]
              }
            ],
            "ordered_placement_strategy": [],
            "placement_constraints": [],
            "platform_version": "LATEST",
            "propagate_tags": "SERVICE",
            "scheduling_strategy": "REPLICA",
            "service_connect_configuration": [],
            "service_registries": [],
            "tags": null,
            "tags_all": {
              "epi:team": "quality-engineering"
            },
            "task_definition": "arn:aws:ecs:us-east-1:010526272542:task-definition/dev-chapi-ecs-service:26",
            "timeouts": null,
            "triggers": {},
            "volume_configuration": [],
            "wait_for_steady_state": false
          },
          "sensitive_attributes": [],
          "private": "eyJlMmJmYjczMC1lY2FhLTExZTYtOGY4OC0zNDM2M2JjN2M0YzAiOnsiY3JlYXRlIjoxMjAwMDAwMDAwMDAwLCJkZWxldGUiOjEyMDAwMDAwMDAwMDAsInVwZGF0ZSI6MTIwMDAwMDAwMDAwMH0sInNjaGVtYV92ZXJzaW9uIjoiMSJ9",
          "dependencies": [
            "aws_iam_role.ecs_execution_role",
            "aws_iam_role.ecs_task_role",
            "aws_security_group.ecs_task_security_group",
            "module.alb.aws_alb.alb",
            "module.alb.aws_alb_listener.http",
            "module.alb.aws_alb_listener.https_acm_certs",
            "module.alb.aws_alb_listener.https_non_acm_certs",
            "module.alb.aws_lb_listener_certificate.certs",
            "module.alb.aws_security_group.alb",
            "module.alb.aws_security_group_rule.allow_all_outbound",
            "module.alb.aws_security_group_rule.http_listeners",
            "module.alb.aws_security_group_rule.http_listeners_for_security_groups",
            "module.alb.aws_security_group_rule.https_listeners_acm_certs",
            "module.alb.aws_security_group_rule.https_listeners_acm_certs_for_security_groups",
            "module.alb.aws_security_group_rule.https_listeners_non_acm_certs",
            "module.alb.aws_security_group_rule.https_listeners_non_acm_certs_for_security_groups",
            "module.alb.data.aws_acm_certificate.additional_certs",
            "module.alb.data.aws_acm_certificate.certs",
            "module.alb.data.aws_subnet.this",
            "module.alb.null_resource.dependency_getter",
            "module.fargate_service.aws_ecs_task_definition.task",
            "module.fargate_service.aws_iam_role.ecs_service_role",
            "module.fargate_service.aws_iam_role.ecs_task",
            "module.fargate_service.aws_iam_role.ecs_task_execution_role",
            "module.fargate_service.aws_iam_role_policy.ecs_service_policy",
            "module.fargate_service.aws_lb_target_group.ecs_service",
            "module.fargate_service.aws_service_discovery_service.discovery",
            "module.fargate_service.data.aws_iam_role.ecs_task",
            "module.fargate_service.data.aws_iam_role.ecs_task_execution_role",
            "module.fargate_service.null_resource.dependency_getter",
            "module.fargate_service.null_resource.listener_rules"
          ]
        }
      ]
    },
    {
      "module": "module.fargate_service",
      "mode": "managed",
      "type": "aws_ecs_task_definition",
      "name": "task",
      "provider": "provider[\"registry.terraform.io/hashicorp/aws\"]",
      "instances": [
        {
          "schema_version": 1,
          "attributes": {
            "arn": "arn:aws:ecs:us-east-1:010526272542:task-definition/dev-chapi-ecs-service:26",
            "arn_without_revision": "arn:aws:ecs:us-east-1:010526272542:task-definition/dev-chapi-ecs-service",
            "container_definitions": "[{\"environment\":[],\"essential\":true,\"image\":\"010526272542.dkr.ecr.us-east-1.amazonaws.com/flaskapp:5655d3f64ed55a8393e6cd729ff73bf7e2da41d4\",\"logConfiguration\":{\"logDriver\":\"awslogs\",\"options\":{\"awslogs-group\":\"/aws/ecs/dev-chapi-ecs-service\",\"awslogs-create-group\":\"true\",\"awslogs-region\":\"us-east-1\",\"awslogs-stream-prefix\":\"dev-chapi-ecs-service\"}},\"mountPoints\":[],\"name\":\"dev-chapi-ecs-service\",\"portMappings\":[{\"containerPort\":80,\"hostPort\":80,\"protocol\":\"tcp\"}],\"systemControls\":[],\"volumesFrom\":[]}]",
            "cpu": "512",
            "ephemeral_storage": [],
            "execution_role_arn": "arn:aws:iam::010526272542:role/chapi-ecs-role-us-east-1-dev",
            "family": "dev-chapi-ecs-service",
            "id": "dev-chapi-ecs-service",
            "inference_accelerator": [],
            "ipc_mode": "",
            "memory": "1024",
            "network_mode": "awsvpc",
            "pid_mode": "",
            "placement_constraints": [],
            "proxy_configuration": [],
            "requires_compatibilities": [
              "FARGATE"
            ],
            "revision": 26,
            "runtime_platform": [],
            "skip_destroy": false,
            "tags": null,
            "tags_all": {
              "epi:team": "quality-engineering"
            },
            "task_role_arn": "arn:aws:iam::010526272542:role/chapi-ecs-task-role-us-east-1-dev",
            "track_latest": false,
            "volume": []
          },
          "sensitive_attributes": [],
          "private": "eyJzY2hlbWFfdmVyc2lvbiI6IjEifQ==",
          "dependencies": [
            "aws_iam_role.ecs_execution_role",
            "aws_iam_role.ecs_task_role",
            "aws_security_group.ecs_task_security_group",
            "module.alb.aws_alb.alb",
            "module.alb.aws_alb_listener.http",
            "module.alb.aws_alb_listener.https_acm_certs",
            "module.alb.aws_alb_listener.https_non_acm_certs",
            "module.alb.aws_lb_listener_certificate.certs",
            "module.alb.aws_security_group.alb",
            "module.alb.aws_security_group_rule.allow_all_outbound",
            "module.alb.aws_security_group_rule.http_listeners",
            "module.alb.aws_security_group_rule.http_listeners_for_security_groups",
            "module.alb.aws_security_group_rule.https_listeners_acm_certs",
            "module.alb.aws_security_group_rule.https_listeners_acm_certs_for_security_groups",
            "module.alb.aws_security_group_rule.https_listeners_non_acm_certs",
            "module.alb.aws_security_group_rule.https_listeners_non_acm_certs_for_security_groups",
            "module.alb.data.aws_acm_certificate.additional_certs",
            "module.alb.data.aws_acm_certificate.certs",
            "module.alb.data.aws_subnet.this",
            "module.alb.null_resource.dependency_getter",
            "module.fargate_service.aws_iam_role.ecs_task",
            "module.fargate_service.aws_iam_role.ecs_task_execution_role",
            "module.fargate_service.data.aws_iam_role.ecs_task",
            "module.fargate_service.data.aws_iam_role.ecs_task_execution_role"
          ]
        }
      ]
    },
    {
      "module": "module.fargate_service",
      "mode": "managed",
      "type": "aws_lb_target_group",
      "name": "ecs_service",
      "provider": "provider[\"registry.terraform.io/hashicorp/aws\"]",
      "instances": [
        {
          "index_key": "alb",
          "schema_version": 0,
          "attributes": {
            "arn": "arn:aws:elasticloadbalancing:us-east-1:010526272542:targetgroup/dev-chapi-ecs-service/4afea1150ea36032",
            "arn_suffix": "targetgroup/dev-chapi-ecs-service/4afea1150ea36032",
            "connection_termination": null,
            "deregistration_delay": "300",
            "health_check": [
              {
                "enabled": true,
                "healthy_threshold": 5,
                "interval": 60,
                "matcher": "200",
                "path": "/",
                "port": "traffic-port",
                "protocol": "HTTP",
                "timeout": 5,
                "unhealthy_threshold": 2
              }
            ],
            "id": "arn:aws:elasticloadbalancing:us-east-1:010526272542:targetgroup/dev-chapi-ecs-service/4afea1150ea36032",
            "ip_address_type": "ipv4",
            "lambda_multi_value_headers_enabled": false,
            "load_balancer_arns": [],
            "load_balancing_algorithm_type": "round_robin",
            "load_balancing_anomaly_mitigation": "off",
            "load_balancing_cross_zone_enabled": "use_load_balancer_configuration",
            "name": "dev-chapi-ecs-service",
            "name_prefix": "",
            "port": 80,
            "preserve_client_ip": null,
            "protocol": "HTTP",
            "protocol_version": "HTTP1",
            "proxy_protocol_v2": false,
            "slow_start": 30,
            "stickiness": [
              {
                "cookie_duration": 86400,
                "cookie_name": "",
                "enabled": false,
                "type": "lb_cookie"
              }
            ],
            "tags": null,
            "tags_all": {
              "epi:team": "quality-engineering"
            },
            "target_failover": [
              {
                "on_deregistration": null,
                "on_unhealthy": null
              }
            ],
            "target_group_health": [
              {
                "dns_failover": [
                  {
                    "minimum_healthy_targets_count": "1",
                    "minimum_healthy_targets_percentage": "off"
                  }
                ],
                "unhealthy_state_routing": [
                  {
                    "minimum_healthy_targets_count": 1,
                    "minimum_healthy_targets_percentage": "off"
                  }
                ]
              }
            ],
            "target_health_state": [
              {
                "enable_unhealthy_connection_termination": null,
                "unhealthy_draining_interval": null
              }
            ],
            "target_type": "ip",
            "vpc_id": "vpc-06a51eb1b61b77c3f"
          },
          "sensitive_attributes": [],
          "private": "bnVsbA==",
          "dependencies": [
            "aws_iam_role.ecs_execution_role",
            "aws_iam_role.ecs_task_role",
            "aws_security_group.ecs_task_security_group",
            "module.alb.aws_alb.alb",
            "module.alb.aws_alb_listener.http",
            "module.alb.aws_alb_listener.https_acm_certs",
            "module.alb.aws_alb_listener.https_non_acm_certs",
            "module.alb.aws_lb_listener_certificate.certs",
            "module.alb.aws_security_group.alb",
            "module.alb.aws_security_group_rule.allow_all_outbound",
            "module.alb.aws_security_group_rule.http_listeners",
            "module.alb.aws_security_group_rule.http_listeners_for_security_groups",
            "module.alb.aws_security_group_rule.https_listeners_acm_certs",
            "module.alb.aws_security_group_rule.https_listeners_acm_certs_for_security_groups",
            "module.alb.aws_security_group_rule.https_listeners_non_acm_certs",
            "module.alb.aws_security_group_rule.https_listeners_non_acm_certs_for_security_groups",
            "module.alb.data.aws_acm_certificate.additional_certs",
            "module.alb.data.aws_acm_certificate.certs",
            "module.alb.data.aws_subnet.this",
            "module.alb.null_resource.dependency_getter",
            "module.fargate_service.null_resource.dependency_getter"
          ]
        }
      ]
    },
    {
      "module": "module.fargate_service",
      "mode": "managed",
      "type": "null_resource",
      "name": "dependency_getter",
      "provider": "provider[\"registry.terraform.io/hashicorp/null\"]",
      "instances": [
        {
          "schema_version": 0,
          "attributes": {
            "id": "2753698779138814926",
            "triggers": {
              "instance": ""
            }
          },
          "sensitive_attributes": [],
          "dependencies": [
            "aws_iam_role.ecs_execution_role",
            "aws_iam_role.ecs_task_role",
            "aws_security_group.ecs_task_security_group",
            "module.alb.aws_alb.alb",
            "module.alb.aws_alb_listener.http",
            "module.alb.aws_alb_listener.https_acm_certs",
            "module.alb.aws_alb_listener.https_non_acm_certs",
            "module.alb.aws_lb_listener_certificate.certs",
            "module.alb.aws_security_group.alb",
            "module.alb.aws_security_group_rule.allow_all_outbound",
            "module.alb.aws_security_group_rule.http_listeners",
            "module.alb.aws_security_group_rule.http_listeners_for_security_groups",
            "module.alb.aws_security_group_rule.https_listeners_acm_certs",
            "module.alb.aws_security_group_rule.https_listeners_acm_certs_for_security_groups",
            "module.alb.aws_security_group_rule.https_listeners_non_acm_certs",
            "module.alb.aws_security_group_rule.https_listeners_non_acm_certs_for_security_groups",
            "module.alb.data.aws_acm_certificate.additional_certs",
            "module.alb.data.aws_acm_certificate.certs",
            "module.alb.data.aws_subnet.this",
            "module.alb.null_resource.dependency_getter"
          ]
        }
      ]
    },
    {
      "module": "module.fargate_service",
      "mode": "managed",
      "type": "null_resource",
      "name": "listener_rules",
      "provider": "provider[\"registry.terraform.io/hashicorp/null\"]",
      "instances": [
        {
          "schema_version": 0,
          "attributes": {
            "id": "4442580770734641766",
            "triggers": {
              "instance": ""
            }
          },
          "sensitive_attributes": [],
          "dependencies": [
            "aws_iam_role.ecs_execution_role",
            "aws_iam_role.ecs_task_role",
            "aws_security_group.ecs_task_security_group",
            "module.alb.aws_alb.alb",
            "module.alb.aws_alb_listener.http",
            "module.alb.aws_alb_listener.https_acm_certs",
            "module.alb.aws_alb_listener.https_non_acm_certs",
            "module.alb.aws_lb_listener_certificate.certs",
            "module.alb.aws_security_group.alb",
            "module.alb.aws_security_group_rule.allow_all_outbound",
            "module.alb.aws_security_group_rule.http_listeners",
            "module.alb.aws_security_group_rule.http_listeners_for_security_groups",
            "module.alb.aws_security_group_rule.https_listeners_acm_certs",
            "module.alb.aws_security_group_rule.https_listeners_acm_certs_for_security_groups",
            "module.alb.aws_security_group_rule.https_listeners_non_acm_certs",
            "module.alb.aws_security_group_rule.https_listeners_non_acm_certs_for_security_groups",
            "module.alb.data.aws_acm_certificate.additional_certs",
            "module.alb.data.aws_acm_certificate.certs",
            "module.alb.data.aws_subnet.this",
            "module.alb.null_resource.dependency_getter"
          ]
        }
      ]
    }
  ]
}
